// !$*UTF8*$!
{
	archiveVersion = 1;
	classes = {
	};
	objectVersion = 46;
	objects = {

/* Begin PBXBuildFile section */
		633CD2371C43FA8900F31EEF /* AppDelegate.swift in Sources */ = {isa = PBXBuildFile; fileRef = 633CD2361C43FA8900F31EEF /* AppDelegate.swift */; };
		633CD2391C43FA8900F31EEF /* ViewController.swift in Sources */ = {isa = PBXBuildFile; fileRef = 633CD2381C43FA8900F31EEF /* ViewController.swift */; };
		633CD23C1C43FA8900F31EEF /* Main.storyboard in Resources */ = {isa = PBXBuildFile; fileRef = 633CD23A1C43FA8900F31EEF /* Main.storyboard */; };
		633CD23E1C43FA8900F31EEF /* Assets.xcassets in Resources */ = {isa = PBXBuildFile; fileRef = 633CD23D1C43FA8900F31EEF /* Assets.xcassets */; };
		633CD2411C43FA8900F31EEF /* LaunchScreen.storyboard in Resources */ = {isa = PBXBuildFile; fileRef = 633CD23F1C43FA8900F31EEF /* LaunchScreen.storyboard */; };
/* End PBXBuildFile section */

/* Begin PBXFileReference section */
		633CD2331C43FA8900F31EEF /* retro-calculator.app */ = {isa = PBXFileReference; explicitFileType = wrapper.application; includeInIndex = 0; path = "retro-calculator.app"; sourceTree = BUILT_PRODUCTS_DIR; };
		633CD2361C43FA8900F31EEF /* AppDelegate.swift */ = {isa = PBXFileReference; lastKnownFileType = sourcecode.swift; path = AppDelegate.swift; sourceTree = "<group>"; };
		633CD2381C43FA8900F31EEF /* ViewController.swift */ = {isa = PBXFileReference; lastKnownFileType = sourcecode.swift; path = ViewController.swift; sourceTree = "<group>"; };
		633CD23B1C43FA8900F31EEF /* Base */ = {isa = PBXFileReference; lastKnownFileType = file.storyboard; name = Base; path = Base.lproj/Main.storyboard; sourceTree = "<group>"; };
		633CD23D1C43FA8900F31EEF /* Assets.xcassets */ = {isa = PBXFileReference; lastKnownFileType = folder.assetcatalog; path = Assets.xcassets; sourceTree = "<group>"; };
		633CD2401C43FA8900F31EEF /* Base */ = {isa = PBXFileReference; lastKnownFileType = file.storyboard; name = Base; path = Base.lproj/LaunchScreen.storyboard; sourceTree = "<group>"; };
		633CD2421C43FA8900F31EEF /* Info.plist */ = {isa = PBXFileReference; lastKnownFileType = text.plist.xml; path = Info.plist; sourceTree = "<group>"; };
/* End PBXFileReference section */

/* Begin PBXFrameworksBuildPhase section */
		633CD2301C43FA8900F31EEF /* Frameworks */ = {
			isa = PBXFrameworksBuildPhase;
			buildActionMask = 2147483647;
			files = (
			);
			runOnlyForDeploymentPostprocessing = 0;
		};
/* End PBXFrameworksBuildPhase section */

/* Begin PBXGroup section */
		633CD22A1C43FA8900F31EEF = {
			isa = PBXGroup;
			children = (
				633CD2351C43FA8900F31EEF /* retro-calculator */,
				633CD2341C43FA8900F31EEF /* Products */,
			);
			sourceTree = "<group>";
		};
		633CD2341C43FA8900F31EEF /* Products */ = {
			isa = PBXGroup;
			children = (
				633CD2331C43FA8900F31EEF /* retro-calculator.app */,
			);
			name = Products;
			sourceTree = "<group>";
		};
		633CD2351C43FA8900F31EEF /* retro-calculator */ = {
			isa = PBXGroup;
			children = (
				633CD2361C43FA8900F31EEF /* AppDelegate.swift */,
				633CD2381C43FA8900F31EEF /* ViewController.swift */,
				633CD23A1C43FA8900F31EEF /* Main.storyboard */,
				633CD23D1C43FA8900F31EEF /* Assets.xcassets */,
				633CD23F1C43FA8900F31EEF /* LaunchScreen.storyboard */,
				633CD2421C43FA8900F31EEF /* Info.plist */,
			);
			path = "retro-calculator";
			sourceTree = "<group>";
		};
/* End PBXGroup section */

/* Begin PBXNativeTarget section */
		633CD2321C43FA8900F31EEF /* retro-calculator */ = {
			isa = PBXNativeTarget;
			buildConfigurationList = 633CD2451C43FA8900F31EEF /* Build configuration list for PBXNativeTarget "retro-calculator" */;
			buildPhases = (
				633CD22F1C43FA8900F31EEF /* Sources */,
				633CD2301C43FA8900F31EEF /* Frameworks */,
				633CD2311C43FA8900F31EEF /* Resources */,
			);
			buildRules = (
			);
			dependencies = (
			);
			name = "retro-calculator";
			productName = "retro-calculator";
			productReference = 633CD2331C43FA8900F31EEF /* retro-calculator.app */;
			productType = "com.apple.product-type.application";
		};
/* End PBXNativeTarget section */

/* Begin PBXProject section */
		633CD22B1C43FA8900F31EEF /* Project object */ = {
			isa = PBXProject;
			attributes = {
				LastSwiftUpdateCheck = 0720;
				LastUpgradeCheck = 0720;
				ORGANIZATIONNAME = "Stefan Jansen";
				TargetAttributes = {
					633CD2321C43FA8900F31EEF = {
						CreatedOnToolsVersion = 7.2;
					};
				};
			};
			buildConfigurationList = 633CD22E1C43FA8900F31EEF /* Build configuration list for PBXProject "retro-calculator" */;
			compatibilityVersion = "Xcode 3.2";
			developmentRegion = English;
			hasScannedForEncodings = 0;
			knownRegions = (
				en,
				Base,
			);
			mainGroup = 633CD22A1C43FA8900F31EEF;
			productRefGroup = 633CD2341C43FA8900F31EEF /* Products */;
			projectDirPath = "";
			projectRoot = "";
			targets = (
				633CD2321C43FA8900F31EEF /* retro-calculator */,
			);
		};
/* End PBXProject section */

/* Begin PBXResourcesBuildPhase section */
		633CD2311C43FA8900F31EEF /* Resources */ = {
			isa = PBXResourcesBuildPhase;
			buildActionMask = 2147483647;
			files = (
				633CD2411C43FA8900F31EEF /* LaunchScreen.storyboard in Resources */,
				633CD23E1C43FA8900F31EEF /* Assets.xcassets in Resources */,
				633CD23C1C43FA8900F31EEF /* Main.storyboard in Resources */,
			);
			runOnlyForDeploymentPostprocessing = 0;
		};
/* End PBXResourcesBuildPhase section */

/* Begin PBXSourcesBuildPhase section */
		633CD22F1C43FA8900F31EEF /* Sources */ = {
			isa = PBXSourcesBuildPhase;
			buildActionMask = 2147483647;
			files = (
				633CD2391C43FA8900F31EEF /* ViewController.swift in Sources */,
				633CD2371C43FA8900F31EEF /* AppDelegate.swift in Sources */,
			);
			runOnlyForDeploymentPostprocessing = 0;
		};
/* End PBXSourcesBuildPhase section */

/* Begin PBXVariantGroup section */
		633CD23A1C43FA8900F31EEF /* Main.storyboard */ = {
			isa = PBXVariantGroup;
			children = (
				633CD23B1C43FA8900F31EEF /* Base */,
			);
			name = Main.storyboard;
			sourceTree = "<group>";
		};
		633CD23F1C43FA8900F31EEF /* LaunchScreen.storyboard */ = {
			isa = PBXVariantGroup;
			children = (
				633CD2401C43FA8900F31EEF /* Base */,
			);
			name = LaunchScreen.storyboard;
			sourceTree = "<group>";
		};
/* End PBXVariantGroup section */

/* Begin XCBuildConfiguration section */
		633CD2431C43FA8900F31EEF /* Debug */ = {
			isa = XCBuildConfiguration;
			buildSettings = {
				ALWAYS_SEARCH_USER_PATHS = NO;
				CLANG_CXX_LANGUAGE_STANDARD = "gnu++0x";
				CLANG_CXX_LIBRARY = "libc++";
				CLANG_ENABLE_MODULES = YES;
				CLANG_ENABLE_OBJC_ARC = YES;
				CLANG_WARN_BOOL_CONVERSION = YES;
				CLANG_WARN_CONSTANT_CONVERSION = YES;
				CLANG_WARN_DIRECT_OBJC_ISA_USAGE = YES_ERROR;
				CLANG_WARN_EMPTY_BODY = YES;
				CLANG_WARN_ENUM_CONVERSION = YES;
				CLANG_WARN_INT_CONVERSION = YES;
				CLANG_WARN_OBJC_ROOT_CLASS = YES_ERROR;
				CLANG_WARN_UNREACHABLE_CODE = YES;
				CLANG_WARN__DUPLICATE_METHOD_MATCH = YES;
				"CODE_SIGN_IDENTITY[sdk=iphoneos*]" = "iPhone Developer";
				COPY_PHASE_STRIP = NO;
				DEBUG_INFORMATION_FORMAT = dwarf;
				ENABLE_STRICT_OBJC_MSGSEND = YES;
				ENABLE_TESTABILITY = YES;
				GCC_C_LANGUAGE_STANDARD = gnu99;
				GCC_DYNAMIC_NO_PIC = NO;
				GCC_NO_COMMON_BLOCKS = YES;
				GCC_OPTIMIZATION_LEVEL = 0;
				GCC_PREPROCESSOR_DEFINITIONS = (
					"DEBUG=1",
					"$(inherited)",
				);
				GCC_WARN_64_TO_32_BIT_CONVERSION = YES;
				GCC_WARN_ABOUT_RETURN_TYPE = YES_ERROR;
				GCC_WARN_UNDECLARED_SELECTOR = YES;
				GCC_WARN_UNINITIALIZED_AUTOS = YES_AGGRESSIVE;
				GCC_WARN_UNUSED_FUNCTION = YES;
				GCC_WARN_UNUSED_VARIABLE = YES;
				IPHONEOS_DEPLOYMENT_TARGET = 9.2;
				MTL_ENABLE_DEBUG_INFO = YES;
				ONLY_ACTIVE_ARCH = YES;
				SDKROOT = iphoneos;
				SWIFT_OPTIMIZATION_LEVEL = "-Onone";
			};
			name = Debug;
		};
		633CD2441C43FA8900F31EEF /* Release */ = {
			isa = XCBuildConfiguration;
			buildSettings = {
				ALWAYS_SEARCH_USER_PATHS = NO;
				CLANG_CXX_LANGUAGE_STANDARD = "gnu++0x";
				CLANG_CXX_LIBRARY = "libc++";
				CLANG_ENABLE_MODULES = YES;
				CLANG_ENABLE_OBJC_ARC = YES;
				CLANG_WARN_BOOL_CONVERSION = YES;
				CLANG_WARN_CONSTANT_CONVERSION = YES;
				CLANG_WARN_DIRECT_OBJC_ISA_USAGE = YES_ERROR;
				CLANG_WARN_EMPTY_BODY = YES;
				CLANG_WARN_ENUM_CONVERSION = YES;
				CLANG_WARN_INT_CONVERSION = YES;
				CLANG_WARN_OBJC_ROOT_CLASS = YES_ERROR;
				CLANG_WARN_UNREACHABLE_CODE = YES;
				CLANG_WARN__DUPLICATE_METHOD_MATCH = YES;
				"CODE_SIGN_IDENTITY[sdk=iphoneos*]" = "iPhone Developer";
				COPY_PHASE_STRIP = NO;
				DEBUG_INFORMATION_FORMAT = "dwarf-with-dsym";
				ENABLE_NS_ASSERTIONS = NO;
				ENABLE_STRICT_OBJC_MSGSEND = YES;
				GCC_C_LANGUAGE_STANDARD = gnu99;
				GCC_NO_COMMON_BLOCKS = YES;
				GCC_WARN_64_TO_32_BIT_CONVERSION = YES;
				GCC_WARN_ABOUT_RETURN_TYPE = YES_ERROR;
				GCC_WARN_UNDECLARED_SELECTOR = YES;
				GCC_WARN_UNINITIALIZED_AUTOS = YES_AGGRESSIVE;
				GCC_WARN_UNUSED_FUNCTION = YES;
				GCC_WARN_UNUSED_VARIABLE = YES;
				IPHONEOS_DEPLOYMENT_TARGET = 9.2;
				MTL_ENABLE_DEBUG_INFO = NO;
				SDKROOT = iphoneos;
				VALIDATE_PRODUCT = YES;
			};
			name = Release;
		};
		633CD2461C43FA8900F31EEF /* Debug */ = {
			isa = XCBuildConfiguration;
			buildSettings = {
				ASSETCATALOG_COMPILER_APPICON_NAME = AppIcon;
				INFOPLIST_FILE = "retro-calculator/Info.plist";
				LD_RUNPATH_SEARCH_PATHS = "$(inherited) @executable_path/Frameworks";
				PRODUCT_BUNDLE_IDENTIFIER = "Stefan.retro-calculator";
				PRODUCT_NAME = "$(TARGET_NAME)";
			};
			name = Debug;
		};
		633CD2471C43FA8900F31EEF /* Release */ = {
			isa = XCBuildConfiguration;
			buildSettings = {
				ASSETCATALOG_COMPILER_APPICON_NAME = AppIcon;
				INFOPLIST_FILE = "retro-calculator/Info.plist";
				LD_RUNPATH_SEARCH_PATHS = "$(inherited) @executable_path/Frameworks";
				PRODUCT_BUNDLE_IDENTIFIER = "Stefan.retro-calculator";
				PRODUCT_NAME = "$(TARGET_NAME)";
			};
			name = Release;
		};
/* End XCBuildConfiguration section */

/* Begin XCConfigurationList section */
		633CD22E1C43FA8900F31EEF /* Build configuration list for PBXProject "retro-calculator" */ = {
			isa = XCConfigurationList;
			buildConfigurations = (
				633CD2431C43FA8900F31EEF /* Debug */,
				633CD2441C43FA8900F31EEF /* Release */,
			);
			defaultConfigurationIsVisible = 0;
			defaultConfigurationName = Release;
		};
		633CD2451C43FA8900F31EEF /* Build configuration list for PBXNativeTarget "retro-calculator" */ = {
			isa = XCConfigurationList;
			buildConfigurations = (
				633CD2461C43FA8900F31EEF /* Debug */,
				633CD2471C43FA8900F31EEF /* Release */,
			);
			defaultConfigurationIsVisible = 0;
		};
/* End XCConfigurationList section */
	};
	rootObject = 633CD22B1C43FA8900F31EEF /* Project object */;
}
